
Microsoft Visual Studio Solution File, Format Version 12.00
# Visual Studio 15
VisualStudioVersion = 15.0.27703.2042
MinimumVisualStudioVersion = 10.0.40219.1
Project("{9A19103F-16F7-4668-BE54-9A1E7A4F7556}") = "Game", "Game\Game.csproj", "{EEE35AF3-B5EB-421E-BD42-F978F9541124}"
EndProject
Project("{9A19103F-16F7-4668-BE54-9A1E7A4F7556}") = "Algorithms", "Algorithms\Algorithms.csproj", "{0EAD0FFB-CAF8-4F82-A5C4-89D2D8F37A1C}"
EndProject
Project("{9A19103F-16F7-4668-BE54-9A1E7A4F7556}") = "Game.Tests.Unit", "Game.Tests.Unit\Game.Tests.Unit.csproj", "{AACC503F-D7D0-4996-8FA6-00CD3E8581CA}"
EndProject
Project("{9A19103F-16F7-4668-BE54-9A1E7A4F7556}") = "Algorithms.Tests.Unit", "Algorithms.Tests.Unit\Algorithms.Tests.Unit.csproj", "{81FB71E8-CC65-48FA-BAA6-686BB08B68D4}"
EndProject
Project("{2150E333-8FDC-42A3-9474-1A3956D46DE8}") = "Tests", "Tests", "{82B3D147-345F-4FF1-9C8D-0FC355BD6C8A}"
EndProject
Project("{2150E333-8FDC-42A3-9474-1A3956D46DE8}") = "Tools", "Tools", "{D3DCDD08-CD46-459E-B0F6-FB90D74D057F}"
EndProject
Project("{FAE04EC0-301F-11D3-BF4B-00C04F79EFBC}") = "ChessboardVisualizer", "Tools\ChessboardVisualizer\ChessboardVisualizer.csproj", "{BBE55737-6EC8-40DE-9C67-253ACCA5CE76}"
EndProject
Project("{FAE04EC0-301F-11D3-BF4B-00C04F79EFBC}") = "ChessboardVisualizerTestApp", "Tools\ChessboardVisualizerTestApp\ChessboardVisualizerTestApp.csproj", "{12462426-C91F-494C-BAC9-91B9A1D52E4D}"
EndProject
Project("{9A19103F-16F7-4668-BE54-9A1E7A4F7556}") = "Service", "Service\Service.csproj", "{BECED6F7-AD28-4FE0-A62C-C146AFE16186}"
EndProject
Project("{9A19103F-16F7-4668-BE54-9A1E7A4F7556}") = "Model", "Model\Model.csproj", "{40AC1846-0373-47CC-9CAA-F9396BA3D4E6}"
EndProject
Project("{9A19103F-16F7-4668-BE54-9A1E7A4F7556}") = "ServiceClient", "ServiceClient\ServiceClient.csproj", "{357B1DA4-2AA0-49BB-9EE1-B7A4C2EE112F}"
EndProject
Project("{2150E333-8FDC-42A3-9474-1A3956D46DE8}") = "Clients", "Clients", "{82D5D239-F16B-4769-896C-8CEB34965AE8}"
EndProject
Project("{FAE04EC0-301F-11D3-BF4B-00C04F79EFBC}") = "BotClient", "Clients\BotClient\BotClient.csproj", "{97FB24EF-9EE2-4117-A500-5A8598C4D8C6}"
EndProject
Project("{FAE04EC0-301F-11D3-BF4B-00C04F79EFBC}") = "ChessServiceTestApp", "Tools\ChessServiceTestApp\ChessServiceTestApp.csproj", "{426A6163-2005-4E68-9295-D7DA98BB947A}"
EndProject
Global
	GlobalSection(SolutionConfigurationPlatforms) = preSolution
		Debug|Any CPU = Debug|Any CPU
		Release|Any CPU = Release|Any CPU
	EndGlobalSection
	GlobalSection(ProjectConfigurationPlatforms) = postSolution
		{EEE35AF3-B5EB-421E-BD42-F978F9541124}.Debug|Any CPU.ActiveCfg = Debug|Any CPU
		{EEE35AF3-B5EB-421E-BD42-F978F9541124}.Debug|Any CPU.Build.0 = Debug|Any CPU
		{EEE35AF3-B5EB-421E-BD42-F978F9541124}.Release|Any CPU.ActiveCfg = Release|Any CPU
		{EEE35AF3-B5EB-421E-BD42-F978F9541124}.Release|Any CPU.Build.0 = Release|Any CPU
		{0EAD0FFB-CAF8-4F82-A5C4-89D2D8F37A1C}.Debug|Any CPU.ActiveCfg = Debug|Any CPU
		{0EAD0FFB-CAF8-4F82-A5C4-89D2D8F37A1C}.Debug|Any CPU.Build.0 = Debug|Any CPU
		{0EAD0FFB-CAF8-4F82-A5C4-89D2D8F37A1C}.Release|Any CPU.ActiveCfg = Release|Any CPU
		{0EAD0FFB-CAF8-4F82-A5C4-89D2D8F37A1C}.Release|Any CPU.Build.0 = Release|Any CPU
		{AACC503F-D7D0-4996-8FA6-00CD3E8581CA}.Debug|Any CPU.ActiveCfg = Debug|Any CPU
		{AACC503F-D7D0-4996-8FA6-00CD3E8581CA}.Debug|Any CPU.Build.0 = Debug|Any CPU
		{AACC503F-D7D0-4996-8FA6-00CD3E8581CA}.Release|Any CPU.ActiveCfg = Release|Any CPU
		{AACC503F-D7D0-4996-8FA6-00CD3E8581CA}.Release|Any CPU.Build.0 = Release|Any CPU
		{81FB71E8-CC65-48FA-BAA6-686BB08B68D4}.Debug|Any CPU.ActiveCfg = Debug|Any CPU
		{81FB71E8-CC65-48FA-BAA6-686BB08B68D4}.Debug|Any CPU.Build.0 = Debug|Any CPU
		{81FB71E8-CC65-48FA-BAA6-686BB08B68D4}.Release|Any CPU.ActiveCfg = Release|Any CPU
		{81FB71E8-CC65-48FA-BAA6-686BB08B68D4}.Release|Any CPU.Build.0 = Release|Any CPU
		{BBE55737-6EC8-40DE-9C67-253ACCA5CE76}.Debug|Any CPU.ActiveCfg = Debug|Any CPU
		{BBE55737-6EC8-40DE-9C67-253ACCA5CE76}.Debug|Any CPU.Build.0 = Debug|Any CPU
		{BBE55737-6EC8-40DE-9C67-253ACCA5CE76}.Release|Any CPU.ActiveCfg = Release|Any CPU
		{BBE55737-6EC8-40DE-9C67-253ACCA5CE76}.Release|Any CPU.Build.0 = Release|Any CPU
		{12462426-C91F-494C-BAC9-91B9A1D52E4D}.Debug|Any CPU.ActiveCfg = Debug|Any CPU
		{12462426-C91F-494C-BAC9-91B9A1D52E4D}.Debug|Any CPU.Build.0 = Debug|Any CPU
		{12462426-C91F-494C-BAC9-91B9A1D52E4D}.Release|Any CPU.ActiveCfg = Release|Any CPU
		{12462426-C91F-494C-BAC9-91B9A1D52E4D}.Release|Any CPU.Build.0 = Release|Any CPU
		{BECED6F7-AD28-4FE0-A62C-C146AFE16186}.Debug|Any CPU.ActiveCfg = Debug|Any CPU
		{BECED6F7-AD28-4FE0-A62C-C146AFE16186}.Debug|Any CPU.Build.0 = Debug|Any CPU
		{BECED6F7-AD28-4FE0-A62C-C146AFE16186}.Release|Any CPU.ActiveCfg = Release|Any CPU
		{BECED6F7-AD28-4FE0-A62C-C146AFE16186}.Release|Any CPU.Build.0 = Release|Any CPU
		{40AC1846-0373-47CC-9CAA-F9396BA3D4E6}.Debug|Any CPU.ActiveCfg = Debug|Any CPU
		{40AC1846-0373-47CC-9CAA-F9396BA3D4E6}.Debug|Any CPU.Build.0 = Debug|Any CPU
		{40AC1846-0373-47CC-9CAA-F9396BA3D4E6}.Release|Any CPU.ActiveCfg = Release|Any CPU
		{40AC1846-0373-47CC-9CAA-F9396BA3D4E6}.Release|Any CPU.Build.0 = Release|Any CPU
		{357B1DA4-2AA0-49BB-9EE1-B7A4C2EE112F}.Debug|Any CPU.ActiveCfg = Debug|Any CPU
		{357B1DA4-2AA0-49BB-9EE1-B7A4C2EE112F}.Debug|Any CPU.Build.0 = Debug|Any CPU
		{357B1DA4-2AA0-49BB-9EE1-B7A4C2EE112F}.Release|Any CPU.ActiveCfg = Release|Any CPU
		{357B1DA4-2AA0-49BB-9EE1-B7A4C2EE112F}.Release|Any CPU.Build.0 = Release|Any CPU
		{97FB24EF-9EE2-4117-A500-5A8598C4D8C6}.Debug|Any CPU.ActiveCfg = Debug|Any CPU
		{97FB24EF-9EE2-4117-A500-5A8598C4D8C6}.Debug|Any CPU.Build.0 = Debug|Any CPU
		{97FB24EF-9EE2-4117-A500-5A8598C4D8C6}.Release|Any CPU.ActiveCfg = Release|Any CPU
		{97FB24EF-9EE2-4117-A500-5A8598C4D8C6}.Release|Any CPU.Build.0 = Release|Any CPU
		{426A6163-2005-4E68-9295-D7DA98BB947A}.Debug|Any CPU.ActiveCfg = Debug|Any CPU
		{426A6163-2005-4E68-9295-D7DA98BB947A}.Debug|Any CPU.Build.0 = Debug|Any CPU
		{426A6163-2005-4E68-9295-D7DA98BB947A}.Release|Any CPU.ActiveCfg = Release|Any CPU
		{426A6163-2005-4E68-9295-D7DA98BB947A}.Release|Any CPU.Build.0 = Release|Any CPU
	EndGlobalSection
	GlobalSection(SolutionProperties) = preSolution
		HideSolutionNode = FALSE
	EndGlobalSection
	GlobalSection(NestedProjects) = preSolution
		{AACC503F-D7D0-4996-8FA6-00CD3E8581CA} = {82B3D147-345F-4FF1-9C8D-0FC355BD6C8A}
		{81FB71E8-CC65-48FA-BAA6-686BB08B68D4} = {82B3D147-345F-4FF1-9C8D-0FC355BD6C8A}
		{BBE55737-6EC8-40DE-9C67-253ACCA5CE76} = {D3DCDD08-CD46-459E-B0F6-FB90D74D057F}
		{12462426-C91F-494C-BAC9-91B9A1D52E4D} = {D3DCDD08-CD46-459E-B0F6-FB90D74D057F}
		{97FB24EF-9EE2-4117-A500-5A8598C4D8C6} = {82D5D239-F16B-4769-896C-8CEB34965AE8}
		{426A6163-2005-4E68-9295-D7DA98BB947A} = {D3DCDD08-CD46-459E-B0F6-FB90D74D057F}
	EndGlobalSection
	GlobalSection(ExtensibilityGlobals) = postSolution
		SolutionGuid = {4F985242-B2A9-406A-801B-75612B0CB73B}
	EndGlobalSection
EndGlobal
